// !$*UTF8*$!
{
	archiveVersion = 1;
	classes = {
	};
	objectVersion = 51;
	objects = {

/* Begin PBXBuildFile section */
		1E3D54FF25CC6835004FCEA5 /* RallyRestClient.swift in Sources */ = {isa = PBXBuildFile; fileRef = 1E3D54FE25CC6835004FCEA5 /* RallyRestClient.swift */; };
		1E3D550225CC69E0004FCEA5 /* Podfile in Resources */ = {isa = PBXBuildFile; fileRef = 1E3D550125CC69E0004FCEA5 /* Podfile */; };
		1EBE1D6F25CC9030007FD2BF /* MainTabViewController.swift in Sources */ = {isa = PBXBuildFile; fileRef = 1EBE1D6E25CC9030007FD2BF /* MainTabViewController.swift */; };
		1EBE1D7725CCA3A6007FD2BF /* HomeViewController.swift in Sources */ = {isa = PBXBuildFile; fileRef = 1EBE1D7625CCA3A6007FD2BF /* HomeViewController.swift */; };
		1EBE1D7A25CDC08D007FD2BF /* USTableViewController.swift in Sources */ = {isa = PBXBuildFile; fileRef = 1EBE1D7925CDC08C007FD2BF /* USTableViewController.swift */; };
		1EBE1D8D25CDDAB4007FD2BF /* SearchTableViewController.swift in Sources */ = {isa = PBXBuildFile; fileRef = 1EBE1D8C25CDDAB4007FD2BF /* SearchTableViewController.swift */; };
		1EDA0E5225CC4E8D00B84A30 /* AppDelegate.swift in Sources */ = {isa = PBXBuildFile; fileRef = 1EDA0E5125CC4E8D00B84A30 /* AppDelegate.swift */; };
		1EDA0E5425CC4E8D00B84A30 /* SceneDelegate.swift in Sources */ = {isa = PBXBuildFile; fileRef = 1EDA0E5325CC4E8D00B84A30 /* SceneDelegate.swift */; };
		1EDA0E5925CC4E8D00B84A30 /* Main.storyboard in Resources */ = {isa = PBXBuildFile; fileRef = 1EDA0E5725CC4E8D00B84A30 /* Main.storyboard */; };
		1EDA0E5B25CC4E8F00B84A30 /* Assets.xcassets in Resources */ = {isa = PBXBuildFile; fileRef = 1EDA0E5A25CC4E8F00B84A30 /* Assets.xcassets */; };
		1EDA0E5E25CC4E8F00B84A30 /* LaunchScreen.storyboard in Resources */ = {isa = PBXBuildFile; fileRef = 1EDA0E5C25CC4E8F00B84A30 /* LaunchScreen.storyboard */; };
		1EDA0E6B25CC598000B84A30 /* LoginViewController.swift in Sources */ = {isa = PBXBuildFile; fileRef = 1EDA0E6A25CC598000B84A30 /* LoginViewController.swift */; };
		95B157695406D0E479A21FE6 /* Pods_Rally.framework in Frameworks */ = {isa = PBXBuildFile; fileRef = B9B3BB7AE57F509C16A67F42 /* Pods_Rally.framework */; };
/* End PBXBuildFile section */

/* Begin PBXFileReference section */
		1E3D54FE25CC6835004FCEA5 /* RallyRestClient.swift */ = {isa = PBXFileReference; lastKnownFileType = sourcecode.swift; path = RallyRestClient.swift; sourceTree = "<group>"; };
		1E3D550125CC69E0004FCEA5 /* Podfile */ = {isa = PBXFileReference; lastKnownFileType = text; path = Podfile; sourceTree = "<group>"; };
		1EBE1D6E25CC9030007FD2BF /* MainTabViewController.swift */ = {isa = PBXFileReference; lastKnownFileType = sourcecode.swift; path = MainTabViewController.swift; sourceTree = "<group>"; };
		1EBE1D7625CCA3A6007FD2BF /* HomeViewController.swift */ = {isa = PBXFileReference; lastKnownFileType = sourcecode.swift; path = HomeViewController.swift; sourceTree = "<group>"; };
		1EBE1D7925CDC08C007FD2BF /* USTableViewController.swift */ = {isa = PBXFileReference; lastKnownFileType = sourcecode.swift; path = USTableViewController.swift; sourceTree = "<group>"; };
		1EBE1D8C25CDDAB4007FD2BF /* SearchTableViewController.swift */ = {isa = PBXFileReference; lastKnownFileType = sourcecode.swift; path = SearchTableViewController.swift; sourceTree = "<group>"; };
		1EDA0E4E25CC4E8D00B84A30 /* Rally.app */ = {isa = PBXFileReference; explicitFileType = wrapper.application; includeInIndex = 0; path = Rally.app; sourceTree = BUILT_PRODUCTS_DIR; };
		1EDA0E5125CC4E8D00B84A30 /* AppDelegate.swift */ = {isa = PBXFileReference; lastKnownFileType = sourcecode.swift; path = AppDelegate.swift; sourceTree = "<group>"; };
		1EDA0E5325CC4E8D00B84A30 /* SceneDelegate.swift */ = {isa = PBXFileReference; lastKnownFileType = sourcecode.swift; path = SceneDelegate.swift; sourceTree = "<group>"; };
		1EDA0E5825CC4E8D00B84A30 /* Base */ = {isa = PBXFileReference; lastKnownFileType = file.storyboard; name = Base; path = Base.lproj/Main.storyboard; sourceTree = "<group>"; };
		1EDA0E5A25CC4E8F00B84A30 /* Assets.xcassets */ = {isa = PBXFileReference; lastKnownFileType = folder.assetcatalog; path = Assets.xcassets; sourceTree = "<group>"; };
		1EDA0E5D25CC4E8F00B84A30 /* Base */ = {isa = PBXFileReference; lastKnownFileType = file.storyboard; name = Base; path = Base.lproj/LaunchScreen.storyboard; sourceTree = "<group>"; };
		1EDA0E5F25CC4E8F00B84A30 /* Info.plist */ = {isa = PBXFileReference; lastKnownFileType = text.plist.xml; path = Info.plist; sourceTree = "<group>"; };
		1EDA0E6A25CC598000B84A30 /* LoginViewController.swift */ = {isa = PBXFileReference; lastKnownFileType = sourcecode.swift; path = LoginViewController.swift; sourceTree = "<group>"; };
		31FB7D8318562925F879FA33 /* Pods-Rally.release.xcconfig */ = {isa = PBXFileReference; includeInIndex = 1; lastKnownFileType = text.xcconfig; name = "Pods-Rally.release.xcconfig"; path = "Target Support Files/Pods-Rally/Pods-Rally.release.xcconfig"; sourceTree = "<group>"; };
		74456CDA71A499009D0BF31A /* Pods-Rally.debug.xcconfig */ = {isa = PBXFileReference; includeInIndex = 1; lastKnownFileType = text.xcconfig; name = "Pods-Rally.debug.xcconfig"; path = "Target Support Files/Pods-Rally/Pods-Rally.debug.xcconfig"; sourceTree = "<group>"; };
		B9B3BB7AE57F509C16A67F42 /* Pods_Rally.framework */ = {isa = PBXFileReference; explicitFileType = wrapper.framework; includeInIndex = 0; path = Pods_Rally.framework; sourceTree = BUILT_PRODUCTS_DIR; };
/* End PBXFileReference section */

/* Begin PBXFrameworksBuildPhase section */
		1EDA0E4B25CC4E8D00B84A30 /* Frameworks */ = {
			isa = PBXFrameworksBuildPhase;
			buildActionMask = 2147483647;
			files = (
				95B157695406D0E479A21FE6 /* Pods_Rally.framework in Frameworks */,
			);
			runOnlyForDeploymentPostprocessing = 0;
		};
/* End PBXFrameworksBuildPhase section */

/* Begin PBXGroup section */
		1EDA0E4525CC4E8D00B84A30 = {
			isa = PBXGroup;
			children = (
				1E3D550125CC69E0004FCEA5 /* Podfile */,
				1EDA0E5025CC4E8D00B84A30 /* Rally */,
				1EDA0E4F25CC4E8D00B84A30 /* Products */,
				E391B278AB89AAA8ED1ECE01 /* Pods */,
				7650484B1332D1F51AD934E7 /* Frameworks */,
			);
			sourceTree = "<group>";
		};
		1EDA0E4F25CC4E8D00B84A30 /* Products */ = {
			isa = PBXGroup;
			children = (
				1EDA0E4E25CC4E8D00B84A30 /* Rally.app */,
			);
			name = Products;
			sourceTree = "<group>";
		};
		1EDA0E5025CC4E8D00B84A30 /* Rally */ = {
			isa = PBXGroup;
			children = (
				1EDA0E6825CC58E600B84A30 /* home */,
				1EDA0E5125CC4E8D00B84A30 /* AppDelegate.swift */,
				1EDA0E5325CC4E8D00B84A30 /* SceneDelegate.swift */,
				1EDA0E5725CC4E8D00B84A30 /* Main.storyboard */,
				1EBE1D8C25CDDAB4007FD2BF /* SearchTableViewController.swift */,
				1EBE1D7925CDC08C007FD2BF /* USTableViewController.swift */,
				1EBE1D7625CCA3A6007FD2BF /* HomeViewController.swift */,
				1EBE1D6E25CC9030007FD2BF /* MainTabViewController.swift */,
				1EDA0E5C25CC4E8F00B84A30 /* LaunchScreen.storyboard */,
				1EDA0E5F25CC4E8F00B84A30 /* Info.plist */,
				1EDA0E5A25CC4E8F00B84A30 /* Assets.xcassets */,
			);
			path = Rally;
			sourceTree = "<group>";
		};
		1EDA0E6825CC58E600B84A30 /* home */ = {
			isa = PBXGroup;
			children = (
				1EDA0E6A25CC598000B84A30 /* LoginViewController.swift */,
				1E3D54FE25CC6835004FCEA5 /* RallyRestClient.swift */,
			);
			path = home;
			sourceTree = "<group>";
		};
		7650484B1332D1F51AD934E7 /* Frameworks */ = {
			isa = PBXGroup;
			children = (
				B9B3BB7AE57F509C16A67F42 /* Pods_Rally.framework */,
			);
			name = Frameworks;
			sourceTree = "<group>";
		};
		E391B278AB89AAA8ED1ECE01 /* Pods */ = {
			isa = PBXGroup;
			children = (
				74456CDA71A499009D0BF31A /* Pods-Rally.debug.xcconfig */,
				31FB7D8318562925F879FA33 /* Pods-Rally.release.xcconfig */,
			);
			path = Pods;
			sourceTree = "<group>";
		};
/* End PBXGroup section */

/* Begin PBXNativeTarget section */
		1EDA0E4D25CC4E8D00B84A30 /* Rally */ = {
			isa = PBXNativeTarget;
			buildConfigurationList = 1EDA0E6225CC4E8F00B84A30 /* Build configuration list for PBXNativeTarget "Rally" */;
			buildPhases = (
				4AA52BD1CD4B65684A761476 /* [CP] Check Pods Manifest.lock */,
				1EDA0E4A25CC4E8D00B84A30 /* Sources */,
				1EDA0E4B25CC4E8D00B84A30 /* Frameworks */,
				1EDA0E4C25CC4E8D00B84A30 /* Resources */,
				A8B2777E6FD0EBA6CEE44F15 /* [CP] Embed Pods Frameworks */,
			);
			buildRules = (
			);
			dependencies = (
			);
			name = Rally;
			productName = Rally;
			productReference = 1EDA0E4E25CC4E8D00B84A30 /* Rally.app */;
			productType = "com.apple.product-type.application";
		};
/* End PBXNativeTarget section */

/* Begin PBXProject section */
		1EDA0E4625CC4E8D00B84A30 /* Project object */ = {
			isa = PBXProject;
			attributes = {
				LastSwiftUpdateCheck = 1240;
				LastUpgradeCheck = 1240;
				TargetAttributes = {
					1EDA0E4D25CC4E8D00B84A30 = {
						CreatedOnToolsVersion = 12.4;
					};
				};
			};
			buildConfigurationList = 1EDA0E4925CC4E8D00B84A30 /* Build configuration list for PBXProject "Rally" */;
			compatibilityVersion = "Xcode 9.3";
			developmentRegion = en;
			hasScannedForEncodings = 0;
			knownRegions = (
				en,
				Base,
			);
			mainGroup = 1EDA0E4525CC4E8D00B84A30;
			productRefGroup = 1EDA0E4F25CC4E8D00B84A30 /* Products */;
			projectDirPath = "";
			projectRoot = "";
			targets = (
				1EDA0E4D25CC4E8D00B84A30 /* Rally */,
			);
		};
/* End PBXProject section */

/* Begin PBXResourcesBuildPhase section */
		1EDA0E4C25CC4E8D00B84A30 /* Resources */ = {
			isa = PBXResourcesBuildPhase;
			buildActionMask = 2147483647;
			files = (
				1EDA0E5E25CC4E8F00B84A30 /* LaunchScreen.storyboard in Resources */,
				1EDA0E5B25CC4E8F00B84A30 /* Assets.xcassets in Resources */,
				1E3D550225CC69E0004FCEA5 /* Podfile in Resources */,
				1EDA0E5925CC4E8D00B84A30 /* Main.storyboard in Resources */,
			);
			runOnlyForDeploymentPostprocessing = 0;
		};
/* End PBXResourcesBuildPhase section */

/* Begin PBXShellScriptBuildPhase section */
		4AA52BD1CD4B65684A761476 /* [CP] Check Pods Manifest.lock */ = {
			isa = PBXShellScriptBuildPhase;
			buildActionMask = 2147483647;
			files = (
			);
			inputFileListPaths = (
			);
			inputPaths = (
				"${PODS_PODFILE_DIR_PATH}/Podfile.lock",
				"${PODS_ROOT}/Manifest.lock",
			);
			name = "[CP] Check Pods Manifest.lock";
			outputFileListPaths = (
			);
			outputPaths = (
				"$(DERIVED_FILE_DIR)/Pods-Rally-checkManifestLockResult.txt",
			);
			runOnlyForDeploymentPostprocessing = 0;
			shellPath = /bin/sh;
			shellScript = "diff \"${PODS_PODFILE_DIR_PATH}/Podfile.lock\" \"${PODS_ROOT}/Manifest.lock\" > /dev/null\nif [ $? != 0 ] ; then\n    # print error to STDERR\n    echo \"error: The sandbox is not in sync with the Podfile.lock. Run 'pod install' or update your CocoaPods installation.\" >&2\n    exit 1\nfi\n# This output is used by Xcode 'outputs' to avoid re-running this script phase.\necho \"SUCCESS\" > \"${SCRIPT_OUTPUT_FILE_0}\"\n";
			showEnvVarsInLog = 0;
		};
		A8B2777E6FD0EBA6CEE44F15 /* [CP] Embed Pods Frameworks */ = {
			isa = PBXShellScriptBuildPhase;
			buildActionMask = 2147483647;
			files = (
			);
			inputFileListPaths = (
				"${PODS_ROOT}/Target Support Files/Pods-Rally/Pods-Rally-frameworks-${CONFIGURATION}-input-files.xcfilelist",
			);
			name = "[CP] Embed Pods Frameworks";
			outputFileListPaths = (
				"${PODS_ROOT}/Target Support Files/Pods-Rally/Pods-Rally-frameworks-${CONFIGURATION}-output-files.xcfilelist",
			);
			runOnlyForDeploymentPostprocessing = 0;
			shellPath = /bin/sh;
			shellScript = "\"${PODS_ROOT}/Target Support Files/Pods-Rally/Pods-Rally-frameworks.sh\"\n";
			showEnvVarsInLog = 0;
		};
/* End PBXShellScriptBuildPhase section */

/* Begin PBXSourcesBuildPhase section */
		1EDA0E4A25CC4E8D00B84A30 /* Sources */ = {
			isa = PBXSourcesBuildPhase;
			buildActionMask = 2147483647;
			files = (
				1EBE1D6F25CC9030007FD2BF /* MainTabViewController.swift in Sources */,
				1EDA0E6B25CC598000B84A30 /* LoginViewController.swift in Sources */,
				1EDA0E5225CC4E8D00B84A30 /* AppDelegate.swift in Sources */,
				1EBE1D7A25CDC08D007FD2BF /* USTableViewController.swift in Sources */,
				1E3D54FF25CC6835004FCEA5 /* RallyRestClient.swift in Sources */,
				1EDA0E5425CC4E8D00B84A30 /* SceneDelegate.swift in Sources */,
				1EBE1D7725CCA3A6007FD2BF /* HomeViewController.swift in Sources */,
				1EBE1D8D25CDDAB4007FD2BF /* SearchTableViewController.swift in Sources */,
			);
			runOnlyForDeploymentPostprocessing = 0;
		};
/* End PBXSourcesBuildPhase section */

/* Begin PBXVariantGroup section */
		1EDA0E5725CC4E8D00B84A30 /* Main.storyboard */ = {
			isa = PBXVariantGroup;
			children = (
				1EDA0E5825CC4E8D00B84A30 /* Base */,
			);
			name = Main.storyboard;
			sourceTree = "<group>";
		};
		1EDA0E5C25CC4E8F00B84A30 /* LaunchScreen.storyboard */ = {
			isa = PBXVariantGroup;
			children = (
				1EDA0E5D25CC4E8F00B84A30 /* Base */,
			);
			name = LaunchScreen.storyboard;
			sourceTree = "<group>";
		};
/* End PBXVariantGroup section */

/* Begin XCBuildConfiguration section */
		1EDA0E6025CC4E8F00B84A30 /* Debug */ = {
			isa = XCBuildConfiguration;
			buildSettings = {
				ALWAYS_SEARCH_USER_PATHS = NO;
				CLANG_ANALYZER_NONNULL = YES;
				CLANG_ANALYZER_NUMBER_OBJECT_CONVERSION = YES_AGGRESSIVE;
				CLANG_CXX_LANGUAGE_STANDARD = "gnu++14";
				CLANG_CXX_LIBRARY = "libc++";
				CLANG_ENABLE_MODULES = YES;
				CLANG_ENABLE_OBJC_ARC = YES;
				CLANG_ENABLE_OBJC_WEAK = YES;
				CLANG_WARN_BLOCK_CAPTURE_AUTORELEASING = YES;
				CLANG_WARN_BOOL_CONVERSION = YES;
				CLANG_WARN_COMMA = YES;
				CLANG_WARN_CONSTANT_CONVERSION = YES;
				CLANG_WARN_DEPRECATED_OBJC_IMPLEMENTATIONS = YES;
				CLANG_WARN_DIRECT_OBJC_ISA_USAGE = YES_ERROR;
				CLANG_WARN_DOCUMENTATION_COMMENTS = YES;
				CLANG_WARN_EMPTY_BODY = YES;
				CLANG_WARN_ENUM_CONVERSION = YES;
				CLANG_WARN_INFINITE_RECURSION = YES;
				CLANG_WARN_INT_CONVERSION = YES;
				CLANG_WARN_NON_LITERAL_NULL_CONVERSION = YES;
				CLANG_WARN_OBJC_IMPLICIT_RETAIN_SELF = YES;
				CLANG_WARN_OBJC_LITERAL_CONVERSION = YES;
				CLANG_WARN_OBJC_ROOT_CLASS = YES_ERROR;
				CLANG_WARN_QUOTED_INCLUDE_IN_FRAMEWORK_HEADER = YES;
				CLANG_WARN_RANGE_LOOP_ANALYSIS = YES;
				CLANG_WARN_STRICT_PROTOTYPES = YES;
				CLANG_WARN_SUSPICIOUS_MOVE = YES;
				CLANG_WARN_UNGUARDED_AVAILABILITY = YES_AGGRESSIVE;
				CLANG_WARN_UNREACHABLE_CODE = YES;
				CLANG_WARN__DUPLICATE_METHOD_MATCH = YES;
				COPY_PHASE_STRIP = NO;
				DEBUG_INFORMATION_FORMAT = dwarf;
				ENABLE_STRICT_OBJC_MSGSEND = YES;
				ENABLE_TESTABILITY = YES;
				GCC_C_LANGUAGE_STANDARD = gnu11;
				GCC_DYNAMIC_NO_PIC = NO;
				GCC_NO_COMMON_BLOCKS = YES;
				GCC_OPTIMIZATION_LEVEL = 0;
				GCC_PREPROCESSOR_DEFINITIONS = (
					"DEBUG=1",
					"$(inherited)",
				);
				GCC_WARN_64_TO_32_BIT_CONVERSION = YES;
				GCC_WARN_ABOUT_RETURN_TYPE = YES_ERROR;
				GCC_WARN_UNDECLARED_SELECTOR = YES;
				GCC_WARN_UNINITIALIZED_AUTOS = YES_AGGRESSIVE;
				GCC_WARN_UNUSED_FUNCTION = YES;
				GCC_WARN_UNUSED_VARIABLE = YES;
				IPHONEOS_DEPLOYMENT_TARGET = 14.4;
				MTL_ENABLE_DEBUG_INFO = INCLUDE_SOURCE;
				MTL_FAST_MATH = YES;
				ONLY_ACTIVE_ARCH = YES;
				SDKROOT = iphoneos;
				SWIFT_ACTIVE_COMPILATION_CONDITIONS = DEBUG;
				SWIFT_OPTIMIZATION_LEVEL = "-Onone";
			};
			name = Debug;
		};
		1EDA0E6125CC4E8F00B84A30 /* Release */ = {
			isa = XCBuildConfiguration;
			buildSettings = {
				ALWAYS_SEARCH_USER_PATHS = NO;
				CLANG_ANALYZER_NONNULL = YES;
				CLANG_ANALYZER_NUMBER_OBJECT_CONVERSION = YES_AGGRESSIVE;
				CLANG_CXX_LANGUAGE_STANDARD = "gnu++14";
				CLANG_CXX_LIBRARY = "libc++";
				CLANG_ENABLE_MODULES = YES;
				CLANG_ENABLE_OBJC_ARC = YES;
				CLANG_ENABLE_OBJC_WEAK = YES;
				CLANG_WARN_BLOCK_CAPTURE_AUTORELEASING = YES;
				CLANG_WARN_BOOL_CONVERSION = YES;
				CLANG_WARN_COMMA = YES;
				CLANG_WARN_CONSTANT_CONVERSION = YES;
				CLANG_WARN_DEPRECATED_OBJC_IMPLEMENTATIONS = YES;
				CLANG_WARN_DIRECT_OBJC_ISA_USAGE = YES_ERROR;
				CLANG_WARN_DOCUMENTATION_COMMENTS = YES;
				CLANG_WARN_EMPTY_BODY = YES;
				CLANG_WARN_ENUM_CONVERSION = YES;
				CLANG_WARN_INFINITE_RECURSION = YES;
				CLANG_WARN_INT_CONVERSION = YES;
				CLANG_WARN_NON_LITERAL_NULL_CONVERSION = YES;
				CLANG_WARN_OBJC_IMPLICIT_RETAIN_SELF = YES;
				CLANG_WARN_OBJC_LITERAL_CONVERSION = YES;
				CLANG_WARN_OBJC_ROOT_CLASS = YES_ERROR;
				CLANG_WARN_QUOTED_INCLUDE_IN_FRAMEWORK_HEADER = YES;
				CLANG_WARN_RANGE_LOOP_ANALYSIS = YES;
				CLANG_WARN_STRICT_PROTOTYPES = YES;
				CLANG_WARN_SUSPICIOUS_MOVE = YES;
				CLANG_WARN_UNGUARDED_AVAILABILITY = YES_AGGRESSIVE;
				CLANG_WARN_UNREACHABLE_CODE = YES;
				CLANG_WARN__DUPLICATE_METHOD_MATCH = YES;
				COPY_PHASE_STRIP = NO;
				DEBUG_INFORMATION_FORMAT = "dwarf-with-dsym";
				ENABLE_NS_ASSERTIONS = NO;
				ENABLE_STRICT_OBJC_MSGSEND = YES;
				GCC_C_LANGUAGE_STANDARD = gnu11;
				GCC_NO_COMMON_BLOCKS = YES;
				GCC_WARN_64_TO_32_BIT_CONVERSION = YES;
				GCC_WARN_ABOUT_RETURN_TYPE = YES_ERROR;
				GCC_WARN_UNDECLARED_SELECTOR = YES;
				GCC_WARN_UNINITIALIZED_AUTOS = YES_AGGRESSIVE;
				GCC_WARN_UNUSED_FUNCTION = YES;
				GCC_WARN_UNUSED_VARIABLE = YES;
				IPHONEOS_DEPLOYMENT_TARGET = 14.4;
				MTL_ENABLE_DEBUG_INFO = NO;
				MTL_FAST_MATH = YES;
				SDKROOT = iphoneos;
				SWIFT_COMPILATION_MODE = wholemodule;
				SWIFT_OPTIMIZATION_LEVEL = "-O";
				VALIDATE_PRODUCT = YES;
			};
			name = Release;
		};
		1EDA0E6325CC4E8F00B84A30 /* Debug */ = {
			isa = XCBuildConfiguration;
			baseConfigurationReference = 74456CDA71A499009D0BF31A /* Pods-Rally.debug.xcconfig */;
			buildSettings = {
				ASSETCATALOG_COMPILER_APPICON_NAME = AppIcon;
				ASSETCATALOG_COMPILER_GLOBAL_ACCENT_COLOR_NAME = AccentColor;
				CODE_SIGN_STYLE = Automatic;
				DEVELOPMENT_TEAM = MXDD3S5D4V;
				INFOPLIST_FILE = Rally/Info.plist;
				LD_RUNPATH_SEARCH_PATHS = (
					"$(inherited)",
					"@executable_path/Frameworks",
				);
				PRODUCT_BUNDLE_IDENTIFIER = com.tonygreway.Rally;
				PRODUCT_NAME = "$(TARGET_NAME)";
				SWIFT_VERSION = 5.0;
				TARGETED_DEVICE_FAMILY = "1,2";
			};
			name = Debug;
		};
		1EDA0E6425CC4E8F00B84A30 /* Release */ = {
			isa = XCBuildConfiguration;
			baseConfigurationReference = 31FB7D8318562925F879FA33 /* Pods-Rally.release.xcconfig */;
			buildSettings = {
				ASSETCATALOG_COMPILER_APPICON_NAME = AppIcon;
				ASSETCATALOG_COMPILER_GLOBAL_ACCENT_COLOR_NAME = AccentColor;
				CODE_SIGN_STYLE = Automatic;
				DEVELOPMENT_TEAM = MXDD3S5D4V;
				INFOPLIST_FILE = Rally/Info.plist;
				LD_RUNPATH_SEARCH_PATHS = (
					"$(inherited)",
					"@executable_path/Frameworks",
				);
				PRODUCT_BUNDLE_IDENTIFIER = com.tonygreway.Rally;
				PRODUCT_NAME = "$(TARGET_NAME)";
				SWIFT_VERSION = 5.0;
				TARGETED_DEVICE_FAMILY = "1,2";
			};
			name = Release;
		};
/* End XCBuildConfiguration section */

/* Begin XCConfigurationList section */
		1EDA0E4925CC4E8D00B84A30 /* Build configuration list for PBXProject "Rally" */ = {
			isa = XCConfigurationList;
			buildConfigurations = (
				1EDA0E6025CC4E8F00B84A30 /* Debug */,
				1EDA0E6125CC4E8F00B84A30 /* Release */,
			);
			defaultConfigurationIsVisible = 0;
			defaultConfigurationName = Release;
		};
		1EDA0E6225CC4E8F00B84A30 /* Build configuration list for PBXNativeTarget "Rally" */ = {
			isa = XCConfigurationList;
			buildConfigurations = (
				1EDA0E6325CC4E8F00B84A30 /* Debug */,
				1EDA0E6425CC4E8F00B84A30 /* Release */,
			);
			defaultConfigurationIsVisible = 0;
			defaultConfigurationName = Release;
		};
/* End XCConfigurationList section */
	};
	rootObject = 1EDA0E4625CC4E8D00B84A30 /* Project object */;
}
